
Microsoft Visual Studio Solution File, Format Version 12.00
# Visual Studio Version 17
VisualStudioVersion = 17.3.32901.215
MinimumVisualStudioVersion = 10.0.40219.1
Project("{FAE04EC0-301F-11D3-BF4B-00C04F79EFBC}") = "PetShopWk4Validation", "PetShopWk4Validation\PetShopWk4Validation.csproj", "{5C2485D6-74B6-44BA-9A06-84873A8AD8A2}"
EndProject
Project("{FAE04EC0-301F-11D3-BF4B-00C04F79EFBC}") = "PetShopWk4Validation.Tests", "PetShopWk4Validation.Tests\PetShopWk4Validation.Tests.csproj", "{F1894102-BA83-40EC-9C83-1CB4FEE76424}"
EndProject
Global
	GlobalSection(SolutionConfigurationPlatforms) = preSolution
		Debug|Any CPU = Debug|Any CPU
		Release|Any CPU = Release|Any CPU
	EndGlobalSection
	GlobalSection(ProjectConfigurationPlatforms) = postSolution
		{5C2485D6-74B6-44BA-9A06-84873A8AD8A2}.Debug|Any CPU.ActiveCfg = Debug|Any CPU
		{5C2485D6-74B6-44BA-9A06-84873A8AD8A2}.Debug|Any CPU.Build.0 = Debug|Any CPU
		{5C2485D6-74B6-44BA-9A06-84873A8AD8A2}.Release|Any CPU.ActiveCfg = Release|Any CPU
		{5C2485D6-74B6-44BA-9A06-84873A8AD8A2}.Release|Any CPU.Build.0 = Release|Any CPU
		{F1894102-BA83-40EC-9C83-1CB4FEE76424}.Debug|Any CPU.ActiveCfg = Debug|Any CPU
		{F1894102-BA83-40EC-9C83-1CB4FEE76424}.Debug|Any CPU.Build.0 = Debug|Any CPU
		{F1894102-BA83-40EC-9C83-1CB4FEE76424}.Release|Any CPU.ActiveCfg = Release|Any CPU
		{F1894102-BA83-40EC-9C83-1CB4FEE76424}.Release|Any CPU.Build.0 = Release|Any CPU
	EndGlobalSection
	GlobalSection(SolutionProperties) = preSolution
		HideSolutionNode = FALSE
	EndGlobalSection
	GlobalSection(ExtensibilityGlobals) = postSolution
		SolutionGuid = {6C5F4137-3E3E-4F18-875D-5C1790C34E80}
	EndGlobalSection
EndGlobal
