
Microsoft Visual Studio Solution File, Format Version 12.00
# Visual Studio Version 17
VisualStudioVersion = 17.3.32825.248
MinimumVisualStudioVersion = 10.0.40219.1
Project("{FAE04EC0-301F-11D3-BF4B-00C04F79EFBC}") = "PetStore", "PetStore\PetStore.csproj", "{62973945-05BD-4C99-B421-09BBDA6D7661}"
EndProject
Project("{FAE04EC0-301F-11D3-BF4B-00C04F79EFBC}") = "PetStore.Tests", "PetStore.Tests\PetStore.Tests.csproj", "{161359F9-9F3D-49D6-86A0-D27031BFC446}"
EndProject
Global
	GlobalSection(SolutionConfigurationPlatforms) = preSolution
		Debug|Any CPU = Debug|Any CPU
		Release|Any CPU = Release|Any CPU
	EndGlobalSection
	GlobalSection(ProjectConfigurationPlatforms) = postSolution
		{62973945-05BD-4C99-B421-09BBDA6D7661}.Debug|Any CPU.ActiveCfg = Debug|Any CPU
		{62973945-05BD-4C99-B421-09BBDA6D7661}.Debug|Any CPU.Build.0 = Debug|Any CPU
		{62973945-05BD-4C99-B421-09BBDA6D7661}.Release|Any CPU.ActiveCfg = Release|Any CPU
		{62973945-05BD-4C99-B421-09BBDA6D7661}.Release|Any CPU.Build.0 = Release|Any CPU
		{161359F9-9F3D-49D6-86A0-D27031BFC446}.Debug|Any CPU.ActiveCfg = Debug|Any CPU
		{161359F9-9F3D-49D6-86A0-D27031BFC446}.Debug|Any CPU.Build.0 = Debug|Any CPU
		{161359F9-9F3D-49D6-86A0-D27031BFC446}.Release|Any CPU.ActiveCfg = Release|Any CPU
		{161359F9-9F3D-49D6-86A0-D27031BFC446}.Release|Any CPU.Build.0 = Release|Any CPU
	EndGlobalSection
	GlobalSection(SolutionProperties) = preSolution
		HideSolutionNode = FALSE
	EndGlobalSection
	GlobalSection(ExtensibilityGlobals) = postSolution
		SolutionGuid = {FAE6974F-923C-4C9D-95A4-02108F969ECC}
	EndGlobalSection
EndGlobal
